
Microsoft Visual Studio Solution File, Format Version 12.00
# Visual Studio Version 17
VisualStudioVersion = 17.0.31903.59
MinimumVisualStudioVersion = 10.0.40219.1
Project("{2150E333-8FDC-42A3-9474-1A3956D46DE8}") = "src", "src", "{827E0CD3-B72D-47B6-A68D-7590B98EB39B}"
EndProject
Project("{FAE04EC0-301F-11D3-BF4B-00C04F79EFBC}") = "Oib.Vezba05.Domain", "src\Oib.Vezba05.Domain\Oib.Vezba05.Domain.csproj", "{495B294C-438D-4BC4-8DAF-4427E3D52C4B}"
EndProject
Project("{FAE04EC0-301F-11D3-BF4B-00C04F79EFBC}") = "Oib.Vezba05.Application", "src\Oib.Vezba05.Application\Oib.Vezba05.Application.csproj", "{CB84BBD0-DD82-493D-A36F-560885DEE3EC}"
EndProject
Project("{FAE04EC0-301F-11D3-BF4B-00C04F79EFBC}") = "Oib.Vezba05.Infrastructure", "src\Oib.Vezba05.Infrastructure\Oib.Vezba05.Infrastructure.csproj", "{8D0715E9-596D-4742-8107-4C5AE047050A}"
EndProject
Project("{FAE04EC0-301F-11D3-BF4B-00C04F79EFBC}") = "Oib.Vezba05.ConsoleUi", "src\Oib.Vezba05.ConsoleUi\Oib.Vezba05.ConsoleUi.csproj", "{7965F97E-F46D-4872-8A62-51EAC4C03C22}"
EndProject
Project("{2150E333-8FDC-42A3-9474-1A3956D46DE8}") = "tests", "tests", "{0AB3BF05-4346-4AA6-1389-037BE0695223}"
EndProject
Project("{FAE04EC0-301F-11D3-BF4B-00C04F79EFBC}") = "Oib.Vezba05.Tests", "tests\Oib.Vezba05.Tests\Oib.Vezba05.Tests.csproj", "{8DA75158-F4F9-45FE-8A3E-B5FAC9500FF5}"
EndProject
Global
	GlobalSection(SolutionConfigurationPlatforms) = preSolution
		Debug|Any CPU = Debug|Any CPU
		Debug|x64 = Debug|x64
		Debug|x86 = Debug|x86
		Release|Any CPU = Release|Any CPU
		Release|x64 = Release|x64
		Release|x86 = Release|x86
	EndGlobalSection
	GlobalSection(ProjectConfigurationPlatforms) = postSolution
		{495B294C-438D-4BC4-8DAF-4427E3D52C4B}.Debug|Any CPU.ActiveCfg = Debug|Any CPU
		{495B294C-438D-4BC4-8DAF-4427E3D52C4B}.Debug|Any CPU.Build.0 = Debug|Any CPU
		{495B294C-438D-4BC4-8DAF-4427E3D52C4B}.Debug|x64.ActiveCfg = Debug|Any CPU
		{495B294C-438D-4BC4-8DAF-4427E3D52C4B}.Debug|x64.Build.0 = Debug|Any CPU
		{495B294C-438D-4BC4-8DAF-4427E3D52C4B}.Debug|x86.ActiveCfg = Debug|Any CPU
		{495B294C-438D-4BC4-8DAF-4427E3D52C4B}.Debug|x86.Build.0 = Debug|Any CPU
		{495B294C-438D-4BC4-8DAF-4427E3D52C4B}.Release|Any CPU.ActiveCfg = Release|Any CPU
		{495B294C-438D-4BC4-8DAF-4427E3D52C4B}.Release|Any CPU.Build.0 = Release|Any CPU
		{495B294C-438D-4BC4-8DAF-4427E3D52C4B}.Release|x64.ActiveCfg = Release|Any CPU
		{495B294C-438D-4BC4-8DAF-4427E3D52C4B}.Release|x64.Build.0 = Release|Any CPU
		{495B294C-438D-4BC4-8DAF-4427E3D52C4B}.Release|x86.ActiveCfg = Release|Any CPU
		{495B294C-438D-4BC4-8DAF-4427E3D52C4B}.Release|x86.Build.0 = Release|Any CPU
		{CB84BBD0-DD82-493D-A36F-560885DEE3EC}.Debug|Any CPU.ActiveCfg = Debug|Any CPU
		{CB84BBD0-DD82-493D-A36F-560885DEE3EC}.Debug|Any CPU.Build.0 = Debug|Any CPU
		{CB84BBD0-DD82-493D-A36F-560885DEE3EC}.Debug|x64.ActiveCfg = Debug|Any CPU
		{CB84BBD0-DD82-493D-A36F-560885DEE3EC}.Debug|x64.Build.0 = Debug|Any CPU
		{CB84BBD0-DD82-493D-A36F-560885DEE3EC}.Debug|x86.ActiveCfg = Debug|Any CPU
		{CB84BBD0-DD82-493D-A36F-560885DEE3EC}.Debug|x86.Build.0 = Debug|Any CPU
		{CB84BBD0-DD82-493D-A36F-560885DEE3EC}.Release|Any CPU.ActiveCfg = Release|Any CPU
		{CB84BBD0-DD82-493D-A36F-560885DEE3EC}.Release|Any CPU.Build.0 = Release|Any CPU
		{CB84BBD0-DD82-493D-A36F-560885DEE3EC}.Release|x64.ActiveCfg = Release|Any CPU
		{CB84BBD0-DD82-493D-A36F-560885DEE3EC}.Release|x64.Build.0 = Release|Any CPU
		{CB84BBD0-DD82-493D-A36F-560885DEE3EC}.Release|x86.ActiveCfg = Release|Any CPU
		{CB84BBD0-DD82-493D-A36F-560885DEE3EC}.Release|x86.Build.0 = Release|Any CPU
		{8D0715E9-596D-4742-8107-4C5AE047050A}.Debug|Any CPU.ActiveCfg = Debug|Any CPU
		{8D0715E9-596D-4742-8107-4C5AE047050A}.Debug|Any CPU.Build.0 = Debug|Any CPU
		{8D0715E9-596D-4742-8107-4C5AE047050A}.Debug|x64.ActiveCfg = Debug|Any CPU
		{8D0715E9-596D-4742-8107-4C5AE047050A}.Debug|x64.Build.0 = Debug|Any CPU
		{8D0715E9-596D-4742-8107-4C5AE047050A}.Debug|x86.ActiveCfg = Debug|Any CPU
		{8D0715E9-596D-4742-8107-4C5AE047050A}.Debug|x86.Build.0 = Debug|Any CPU
		{8D0715E9-596D-4742-8107-4C5AE047050A}.Release|Any CPU.ActiveCfg = Release|Any CPU
		{8D0715E9-596D-4742-8107-4C5AE047050A}.Release|Any CPU.Build.0 = Release|Any CPU
		{8D0715E9-596D-4742-8107-4C5AE047050A}.Release|x64.ActiveCfg = Release|Any CPU
		{8D0715E9-596D-4742-8107-4C5AE047050A}.Release|x64.Build.0 = Release|Any CPU
		{8D0715E9-596D-4742-8107-4C5AE047050A}.Release|x86.ActiveCfg = Release|Any CPU
		{8D0715E9-596D-4742-8107-4C5AE047050A}.Release|x86.Build.0 = Release|Any CPU
		{7965F97E-F46D-4872-8A62-51EAC4C03C22}.Debug|Any CPU.ActiveCfg = Debug|Any CPU
		{7965F97E-F46D-4872-8A62-51EAC4C03C22}.Debug|Any CPU.Build.0 = Debug|Any CPU
		{7965F97E-F46D-4872-8A62-51EAC4C03C22}.Debug|x64.ActiveCfg = Debug|Any CPU
		{7965F97E-F46D-4872-8A62-51EAC4C03C22}.Debug|x64.Build.0 = Debug|Any CPU
		{7965F97E-F46D-4872-8A62-51EAC4C03C22}.Debug|x86.ActiveCfg = Debug|Any CPU
		{7965F97E-F46D-4872-8A62-51EAC4C03C22}.Debug|x86.Build.0 = Debug|Any CPU
		{7965F97E-F46D-4872-8A62-51EAC4C03C22}.Release|Any CPU.ActiveCfg = Release|Any CPU
		{7965F97E-F46D-4872-8A62-51EAC4C03C22}.Release|Any CPU.Build.0 = Release|Any CPU
		{7965F97E-F46D-4872-8A62-51EAC4C03C22}.Release|x64.ActiveCfg = Release|Any CPU
		{7965F97E-F46D-4872-8A62-51EAC4C03C22}.Release|x64.Build.0 = Release|Any CPU
		{7965F97E-F46D-4872-8A62-51EAC4C03C22}.Release|x86.ActiveCfg = Release|Any CPU
		{7965F97E-F46D-4872-8A62-51EAC4C03C22}.Release|x86.Build.0 = Release|Any CPU
		{8DA75158-F4F9-45FE-8A3E-B5FAC9500FF5}.Debug|Any CPU.ActiveCfg = Debug|Any CPU
		{8DA75158-F4F9-45FE-8A3E-B5FAC9500FF5}.Debug|Any CPU.Build.0 = Debug|Any CPU
		{8DA75158-F4F9-45FE-8A3E-B5FAC9500FF5}.Debug|x64.ActiveCfg = Debug|Any CPU
		{8DA75158-F4F9-45FE-8A3E-B5FAC9500FF5}.Debug|x64.Build.0 = Debug|Any CPU
		{8DA75158-F4F9-45FE-8A3E-B5FAC9500FF5}.Debug|x86.ActiveCfg = Debug|Any CPU
		{8DA75158-F4F9-45FE-8A3E-B5FAC9500FF5}.Debug|x86.Build.0 = Debug|Any CPU
		{8DA75158-F4F9-45FE-8A3E-B5FAC9500FF5}.Release|Any CPU.ActiveCfg = Release|Any CPU
		{8DA75158-F4F9-45FE-8A3E-B5FAC9500FF5}.Release|Any CPU.Build.0 = Release|Any CPU
		{8DA75158-F4F9-45FE-8A3E-B5FAC9500FF5}.Release|x64.ActiveCfg = Release|Any CPU
		{8DA75158-F4F9-45FE-8A3E-B5FAC9500FF5}.Release|x64.Build.0 = Release|Any CPU
		{8DA75158-F4F9-45FE-8A3E-B5FAC9500FF5}.Release|x86.ActiveCfg = Release|Any CPU
		{8DA75158-F4F9-45FE-8A3E-B5FAC9500FF5}.Release|x86.Build.0 = Release|Any CPU
	EndGlobalSection
	GlobalSection(SolutionProperties) = preSolution
		HideSolutionNode = FALSE
	EndGlobalSection
	GlobalSection(NestedProjects) = preSolution
		{495B294C-438D-4BC4-8DAF-4427E3D52C4B} = {827E0CD3-B72D-47B6-A68D-7590B98EB39B}
		{CB84BBD0-DD82-493D-A36F-560885DEE3EC} = {827E0CD3-B72D-47B6-A68D-7590B98EB39B}
		{8D0715E9-596D-4742-8107-4C5AE047050A} = {827E0CD3-B72D-47B6-A68D-7590B98EB39B}
		{7965F97E-F46D-4872-8A62-51EAC4C03C22} = {827E0CD3-B72D-47B6-A68D-7590B98EB39B}
		{8DA75158-F4F9-45FE-8A3E-B5FAC9500FF5} = {0AB3BF05-4346-4AA6-1389-037BE0695223}
	EndGlobalSection
EndGlobal
